
Microsoft Visual Studio Solution File, Format Version 12.00
# Visual Studio Version 17
VisualStudioVersion = 17.3.32929.385
MinimumVisualStudioVersion = 10.0.40219.1
Project("{9A19103F-16F7-4668-BE54-9A1E7A4F7556}") = "DataLayer", "DataLayer.csproj", "{8C08816B-5A6F-4C15-BDA1-9E73C795B957}"
EndProject
Global
	GlobalSection(SolutionConfigurationPlatforms) = preSolution
		Debug|Any CPU = Debug|Any CPU
		Release|Any CPU = Release|Any CPU
	EndGlobalSection
	GlobalSection(ProjectConfigurationPlatforms) = postSolution
		{8C08816B-5A6F-4C15-BDA1-9E73C795B957}.Debug|Any CPU.ActiveCfg = Debug|Any CPU
		{8C08816B-5A6F-4C15-BDA1-9E73C795B957}.Debug|Any CPU.Build.0 = Debug|Any CPU
		{8C08816B-5A6F-4C15-BDA1-9E73C795B957}.Release|Any CPU.ActiveCfg = Release|Any CPU
		{8C08816B-5A6F-4C15-BDA1-9E73C795B957}.Release|Any CPU.Build.0 = Release|Any CPU
	EndGlobalSection
	GlobalSection(SolutionProperties) = preSolution
		HideSolutionNode = FALSE
	EndGlobalSection
	GlobalSection(ExtensibilityGlobals) = postSolution
		SolutionGuid = {F94C8D7C-8100-447D-AC76-F5CDB03FD4B3}
	EndGlobalSection
EndGlobal
